{
  "lockfileVersion": 1,
  "configVersion": 1,
  "workspaces": {
    "": {
      "name": "cookie-sync",
      "dependencies": {
        "@redenv/client": "^1.0.6",
        "dotenv": "^16.4.5",
        "playwright": "^1.42.1",
      },
    },
  },
  "packages": {
    "@epic-web/cachified": ["@epic-web/cachified@5.6.3", "", {}, "sha512-SHVZOm3h9/iXN3aoONTIouoOVQpBSwgJFo/NPGvTqTI1YHRDer6g9kP4iEhZ7UfWDvNiUCqOvC5f8cQ88yhf5w=="],

    "@redenv/client": ["@redenv/client@1.2.1", "", { "dependencies": { "@epic-web/cachified": "^5.6.0", "@redenv/core": "1.2.0", "@upstash/redis": "^1.35.6", "lru-cache": "^11.2.2" } }, "sha512-yDIyq9i/tl74BiiyM5yEcjG17GJpwtPiXHiWtgOi2h7YSI5fV9ouYtXZS8o355Dzl+ee0l+u9P+BpmXfshdOlA=="],

    "@redenv/core": ["@redenv/core@1.2.0", "", { "dependencies": { "@upstash/redis": "^1.35.6", "zod": "^4.1.13" } }, "sha512-kvs16+dsBFGZt1Z1RM9KbRU0271ldonS8IVu2RM4NPUrM6NPRTgdz3B9S+cbaLZTx7HzzuwDNRHFdDM4Ly63Dw=="],

    "@upstash/redis": ["@upstash/redis@1.38.0", "", { "dependencies": { "uncrypto": "^0.1.3" } }, "sha512-wu+dZBptlLy0+MCUEoHmzrY/TnmgDey3+c7EbIGwrLqAvkP8yi5MWZHYGIFtAygmL4Bkz2TdFu+eU0vFPncIcg=="],

    "dotenv": ["dotenv@16.6.1", "", {}, "sha512-uBq4egWHTcTt33a72vpSG0z3HnPuIl6NqYcTrKEg2azoEyl2hpW0zqlxysq2pK9HlDIHyHyakeYaYnSAwd8bow=="],

    "fsevents": ["fsevents@2.3.2", "", { "os": "darwin" }, "sha512-xiqMQR4xAeHTuB9uWm+fFRcIOgKBMiOBP+eXiyT7jsgVCq1bkVygt00oASowB7EdtpOHaaPgKt812P9ab+DDKA=="],

    "lru-cache": ["lru-cache@11.5.2", "", {}, "sha512-4pfM1Ff0x50o0tQwb5ucw/RzNyD0/YJME6IVcStalZuMWxdt3sR3huStTtxz4PUmvZfRguvDejasvQ2kifR11g=="],

    "playwright": ["playwright@1.61.1", "", { "dependencies": { "playwright-core": "1.61.1" }, "optionalDependencies": { "fsevents": "2.3.2" }, "bin": { "playwright": "cli.js" } }, "sha512-DWnY5o3YbLWK4GovuAVwpqL+1VwGNdUGrRr++8j8PtQQzvAVZUIMjKQ90fY689sEJZJBbZVw1rXaOKSTitkzPQ=="],

    "playwright-core": ["playwright-core@1.61.1", "", { "bin": { "playwright-core": "cli.js" } }, "sha512-h7Qlt6m4REp25qvIdvbDtVmD4LqVXfpRxhORv9L0jzETM05p4fuPJ3dKyuSXQxDSbXnmS79HAgi9589lGSpLkg=="],

    "uncrypto": ["uncrypto@0.1.3", "", {}, "sha512-Ql87qFHB3s/De2ClA9e0gsnS6zXG27SkTiSJwjCc9MebbfapQfuPzumMIUMi38ezPZVNFcHI9sUIepeQfw8J8Q=="],

    "zod": ["zod@4.4.3", "", {}, "sha512-ytENFjIJFl2UwYglde2jchW2Hwm4GJFLDiSXWdTrJQBIN9Fcyp7n4DhxJEiWNAJMV1/BqWfW/kkg71UDcHJyTQ=="],
  }
}
